
Microsoft Visual Studio Solution File, Format Version 12.00
# Visual Studio Version 16
VisualStudioVersion = 16.0.29025.244
MinimumVisualStudioVersion = 10.0.40219.1
Project("{FAE04EC0-301F-11D3-BF4B-00C04F79EFBC}") = "ApiVersioningSwagger", "ApiVersioningSwagger\ApiVersioningSwagger.csproj", "{6BD914F5-F1F6-4EAE-B79B-318C95E9401A}"
EndProject
Global
	GlobalSection(SolutionConfigurationPlatforms) = preSolution
		Debug|Any CPU = Debug|Any CPU
		Release|Any CPU = Release|Any CPU
	EndGlobalSection
	GlobalSection(ProjectConfigurationPlatforms) = postSolution
		{6BD914F5-F1F6-4EAE-B79B-318C95E9401A}.Debug|Any CPU.ActiveCfg = Debug|Any CPU
		{6BD914F5-F1F6-4EAE-B79B-318C95E9401A}.Debug|Any CPU.Build.0 = Debug|Any CPU
		{6BD914F5-F1F6-4EAE-B79B-318C95E9401A}.Release|Any CPU.ActiveCfg = Release|Any CPU
		{6BD914F5-F1F6-4EAE-B79B-318C95E9401A}.Release|Any CPU.Build.0 = Release|Any CPU
	EndGlobalSection
	GlobalSection(SolutionProperties) = preSolution
		HideSolutionNode = FALSE
	EndGlobalSection
	GlobalSection(ExtensibilityGlobals) = postSolution
		SolutionGuid = {5A10EDEF-15EC-41C2-BB03-366E9CE75FF0}
	EndGlobalSection
EndGlobal
